{
  "name": "wasl",
  "version": "0.0.13",
  "lockfileVersion": 2,
  "requires": true,
  "packages": {
    "": {
      "name": "wasl",
      "version": "0.0.13",
      "license": "AGPL-3.0-or-later",
      "devDependencies": {
        "es-plugins": "0.0.14",
        "remote-esm": "0.0.14"
      }
    },
    "node_modules/blob-polyfill": {
      "version": "6.0.20211015",
      "resolved": "https://registry.npmjs.org/blob-polyfill/-/blob-polyfill-6.0.20211015.tgz",
      "integrity": "sha512-OGL4bm6ZNpdFAvQugRlQy5MNly8gk15aWi/ZhQHimQsrx9WKD05r+v+xNgHCChLER3MH+9KLAhzuFlwFKrH1Yw==",
      "dev": true
    },
    "node_modules/cross-blob": {
      "version": "3.0.1",
      "resolved": "https://registry.npmjs.org/cross-blob/-/cross-blob-3.0.1.tgz",
      "integrity": "sha512-OfDx5IUeufBuN0jFUusyZQckF0ncqXpgA9manQKBQobnb5UYToR+IWEBhabr0KJPAXDFkmqhXwZ5AYHIgFPHpg==",
      "dev": true,
      "dependencies": {
        "blob-polyfill": "^6.0.20211015",
        "fetch-blob": "^3.1.4"
      },
      "engines": {
        "node": "^12.20 || >=14.13"
      }
    },
    "node_modules/data-uri-to-buffer": {
      "version": "4.0.0",
      "resolved": "https://registry.npmjs.org/data-uri-to-buffer/-/data-uri-to-buffer-4.0.0.tgz",
      "integrity": "sha512-Vr3mLBA8qWmcuschSLAOogKgQ/Jwxulv3RNE4FXnYWRGujzrRWQI4m12fQqRkwX06C0KanhLr4hK+GydchZsaA==",
      "dev": true,
      "engines": {
        "node": ">= 12"
      }
    },
    "node_modules/es-plugins": {
      "version": "0.0.14",
      "resolved": "https://registry.npmjs.org/es-plugins/-/es-plugins-0.0.14.tgz",
      "integrity": "sha512-Q6CnmSOu6asOv+FFFxHClgC/gcu0EVrhhQuLfpZltlAJ+bQ4ze8KcYUnLN7lz0CTf4nlmODAVTRA+17Has+/ew==",
      "dev": true
    },
    "node_modules/fetch-blob": {
      "version": "3.2.0",
      "resolved": "https://registry.npmjs.org/fetch-blob/-/fetch-blob-3.2.0.tgz",
      "integrity": "sha512-7yAQpD2UMJzLi1Dqv7qFYnPbaPx7ZfFK6PiIxQ4PfkGPyNyl2Ugx+a/umUonmKqjhM4DnfbMvdX6otXq83soQQ==",
      "dev": true,
      "funding": [
        {
          "type": "github",
          "url": "https://github.com/sponsors/jimmywarting"
        },
        {
          "type": "paypal",
          "url": "https://paypal.me/jimmywarting"
        }
      ],
      "dependencies": {
        "node-domexception": "^1.0.0",
        "web-streams-polyfill": "^3.0.3"
      },
      "engines": {
        "node": "^12.20 || >= 14.13"
      }
    },
    "node_modules/formdata-polyfill": {
      "version": "4.0.10",
      "resolved": "https://registry.npmjs.org/formdata-polyfill/-/formdata-polyfill-4.0.10.tgz",
      "integrity": "sha512-buewHzMvYL29jdeQTVILecSaZKnt/RJWjoZCF5OW60Z67/GmSLBkOFM7qh1PI3zFNtJbaZL5eQu1vLfazOwj4g==",
      "dev": true,
      "dependencies": {
        "fetch-blob": "^3.1.2"
      },
      "engines": {
        "node": ">=12.20.0"
      }
    },
    "node_modules/node-domexception": {
      "version": "1.0.0",
      "resolved": "https://registry.npmjs.org/node-domexception/-/node-domexception-1.0.0.tgz",
      "integrity": "sha512-/jKZoMpw0F8GRwl4/eLROPA3cfcXtLApP0QzLmUT/HuPCZWyB7IY9ZrMeKw2O/nFIqPQB3PVM9aYm0F312AXDQ==",
      "dev": true,
      "funding": [
        {
          "type": "github",
          "url": "https://github.com/sponsors/jimmywarting"
        },
        {
          "type": "github",
          "url": "https://paypal.me/jimmywarting"
        }
      ],
      "engines": {
        "node": ">=10.5.0"
      }
    },
    "node_modules/node-fetch": {
      "version": "3.2.10",
      "resolved": "https://registry.npmjs.org/node-fetch/-/node-fetch-3.2.10.tgz",
      "integrity": "sha512-MhuzNwdURnZ1Cp4XTazr69K0BTizsBroX7Zx3UgDSVcZYKF/6p0CBe4EUb/hLqmzVhl0UpYfgRljQ4yxE+iCxA==",
      "dev": true,
      "dependencies": {
        "data-uri-to-buffer": "^4.0.0",
        "fetch-blob": "^3.1.4",
        "formdata-polyfill": "^4.0.10"
      },
      "engines": {
        "node": "^12.20.0 || ^14.13.1 || >=16.0.0"
      },
      "funding": {
        "type": "opencollective",
        "url": "https://opencollective.com/node-fetch"
      }
    },
    "node_modules/remote-esm": {
      "version": "0.0.14",
      "resolved": "https://registry.npmjs.org/remote-esm/-/remote-esm-0.0.14.tgz",
      "integrity": "sha512-ZD2x8oVieatyIv/FFIvZzYfHBk9uJkuwgUdoDkM8rV7DnorC9QqxbHkS2wtGCTGlbWPEA0t8SZONFcX6jsK+og==",
      "dev": true,
      "dependencies": {
        "cross-blob": "^3.0.1",
        "node-fetch": "^3.2.10"
      }
    },
    "node_modules/web-streams-polyfill": {
      "version": "3.2.1",
      "resolved": "https://registry.npmjs.org/web-streams-polyfill/-/web-streams-polyfill-3.2.1.tgz",
      "integrity": "sha512-e0MO3wdXWKrLbL0DgGnUV7WHVuw9OUvL4hjgnPkIeEvESk74gAITi5G606JtZPp39cd8HA9VQzCIvA49LpPN5Q==",
      "dev": true,
      "engines": {
        "node": ">= 8"
      }
    }
  },
  "dependencies": {
    "blob-polyfill": {
      "version": "6.0.20211015",
      "resolved": "https://registry.npmjs.org/blob-polyfill/-/blob-polyfill-6.0.20211015.tgz",
      "integrity": "sha512-OGL4bm6ZNpdFAvQugRlQy5MNly8gk15aWi/ZhQHimQsrx9WKD05r+v+xNgHCChLER3MH+9KLAhzuFlwFKrH1Yw==",
      "dev": true
    },
    "cross-blob": {
      "version": "3.0.1",
      "resolved": "https://registry.npmjs.org/cross-blob/-/cross-blob-3.0.1.tgz",
      "integrity": "sha512-OfDx5IUeufBuN0jFUusyZQckF0ncqXpgA9manQKBQobnb5UYToR+IWEBhabr0KJPAXDFkmqhXwZ5AYHIgFPHpg==",
      "dev": true,
      "requires": {
        "blob-polyfill": "^6.0.20211015",
        "fetch-blob": "^3.1.4"
      }
    },
    "data-uri-to-buffer": {
      "version": "4.0.0",
      "resolved": "https://registry.npmjs.org/data-uri-to-buffer/-/data-uri-to-buffer-4.0.0.tgz",
      "integrity": "sha512-Vr3mLBA8qWmcuschSLAOogKgQ/Jwxulv3RNE4FXnYWRGujzrRWQI4m12fQqRkwX06C0KanhLr4hK+GydchZsaA==",
      "dev": true
    },
    "es-plugins": {
      "version": "0.0.14",
      "resolved": "https://registry.npmjs.org/es-plugins/-/es-plugins-0.0.14.tgz",
      "integrity": "sha512-Q6CnmSOu6asOv+FFFxHClgC/gcu0EVrhhQuLfpZltlAJ+bQ4ze8KcYUnLN7lz0CTf4nlmODAVTRA+17Has+/ew==",
      "dev": true
    },
    "fetch-blob": {
      "version": "3.2.0",
      "resolved": "https://registry.npmjs.org/fetch-blob/-/fetch-blob-3.2.0.tgz",
      "integrity": "sha512-7yAQpD2UMJzLi1Dqv7qFYnPbaPx7ZfFK6PiIxQ4PfkGPyNyl2Ugx+a/umUonmKqjhM4DnfbMvdX6otXq83soQQ==",
      "dev": true,
      "requires": {
        "node-domexception": "^1.0.0",
        "web-streams-polyfill": "^3.0.3"
      }
    },
    "formdata-polyfill": {
      "version": "4.0.10",
      "resolved": "https://registry.npmjs.org/formdata-polyfill/-/formdata-polyfill-4.0.10.tgz",
      "integrity": "sha512-buewHzMvYL29jdeQTVILecSaZKnt/RJWjoZCF5OW60Z67/GmSLBkOFM7qh1PI3zFNtJbaZL5eQu1vLfazOwj4g==",
      "dev": true,
      "requires": {
        "fetch-blob": "^3.1.2"
      }
    },
    "node-domexception": {
      "version": "1.0.0",
      "resolved": "https://registry.npmjs.org/node-domexception/-/node-domexception-1.0.0.tgz",
      "integrity": "sha512-/jKZoMpw0F8GRwl4/eLROPA3cfcXtLApP0QzLmUT/HuPCZWyB7IY9ZrMeKw2O/nFIqPQB3PVM9aYm0F312AXDQ==",
      "dev": true
    },
    "node-fetch": {
      "version": "3.2.10",
      "resolved": "https://registry.npmjs.org/node-fetch/-/node-fetch-3.2.10.tgz",
      "integrity": "sha512-MhuzNwdURnZ1Cp4XTazr69K0BTizsBroX7Zx3UgDSVcZYKF/6p0CBe4EUb/hLqmzVhl0UpYfgRljQ4yxE+iCxA==",
      "dev": true,
      "requires": {
        "data-uri-to-buffer": "^4.0.0",
        "fetch-blob": "^3.1.4",
        "formdata-polyfill": "^4.0.10"
      }
    },
    "remote-esm": {
      "version": "0.0.14",
      "resolved": "https://registry.npmjs.org/remote-esm/-/remote-esm-0.0.14.tgz",
      "integrity": "sha512-ZD2x8oVieatyIv/FFIvZzYfHBk9uJkuwgUdoDkM8rV7DnorC9QqxbHkS2wtGCTGlbWPEA0t8SZONFcX6jsK+og==",
      "dev": true,
      "requires": {
        "cross-blob": "^3.0.1",
        "node-fetch": "^3.2.10"
      }
    },
    "web-streams-polyfill": {
      "version": "3.2.1",
      "resolved": "https://registry.npmjs.org/web-streams-polyfill/-/web-streams-polyfill-3.2.1.tgz",
      "integrity": "sha512-e0MO3wdXWKrLbL0DgGnUV7WHVuw9OUvL4hjgnPkIeEvESk74gAITi5G606JtZPp39cd8HA9VQzCIvA49LpPN5Q==",
      "dev": true
    }
  }
}
